
Microsoft Visual Studio Solution File, Format Version 12.00
# Visual Studio 14
VisualStudioVersion = 14.0.25420.1
MinimumVisualStudioVersion = 10.0.40219.1
Project("{B45C44CD-E95B-43EF-AF7C-4D25776FBF5E}") = "LinkedInBot", "LinkedInBot\LinkedInBot.osproj", "{7F51276F-08DD-4A88-9705-7D1BA2518207}"
EndProject
Global
	GlobalSection(SolutionConfigurationPlatforms) = preSolution
		Debug|Any CPU = Debug|Any CPU
		Release|Any CPU = Release|Any CPU
	EndGlobalSection
	GlobalSection(ProjectConfigurationPlatforms) = postSolution
		{7F51276F-08DD-4A88-9705-7D1BA2518207}.Debug|Any CPU.ActiveCfg = Debug|Any CPU
		{7F51276F-08DD-4A88-9705-7D1BA2518207}.Debug|Any CPU.Build.0 = Debug|Any CPU
		{7F51276F-08DD-4A88-9705-7D1BA2518207}.Release|Any CPU.ActiveCfg = Release|Any CPU
		{7F51276F-08DD-4A88-9705-7D1BA2518207}.Release|Any CPU.Build.0 = Release|Any CPU
	EndGlobalSection
	GlobalSection(SolutionProperties) = preSolution
		HideSolutionNode = FALSE
	EndGlobalSection
EndGlobal
